{
  "name": "pigments",
  "version": "1.0.0",
  "lockfileVersion": 3,
  "requires": true,
  "packages": {
    "": {
      "name": "pigments",
      "version": "1.0.0",
      "license": "ISC",
      "dependencies": {
        "cosmic-reach-dag": "file:../../utils/cosmic-reach/cosmic-reach-dynamic-asset-generator"
      }
    },
    "../../utils/cosmic-reach/cosmic-reach-dynamic-asset-generator": {
      "name": "cosmic-reach-dag",
      "version": "1.0.0",
      "license": "ISC",
      "dependencies": {
        "@types/three": "^0.173.0",
        "canvas": "^3.1.0",
        "three": "^0.173.0",
        "ts-enum-util": "^4.1.0"
      },
      "devDependencies": {
        "@types/node": "^22.13.1",
        "typescript": "^5.7.3"
      }
    },
    "node_modules/cosmic-reach-dag": {
      "resolved": "../../utils/cosmic-reach/cosmic-reach-dynamic-asset-generator",
      "link": true
    }
  }
}
